
Microsoft Visual Studio Solution File, Format Version 12.00
# Visual Studio Version 16
VisualStudioVersion = 16.0.29102.190
MinimumVisualStudioVersion = 10.0.40219.1
Project("{2150E333-8FDC-42A3-9474-1A3956D46DE8}") = "Application", "Application", "{EE9D84C4-236B-487F-B927-3BE50AB5AB79}"
EndProject
Project("{2150E333-8FDC-42A3-9474-1A3956D46DE8}") = "Infrastructure", "Infrastructure", "{EB14576A-555F-48E0-830D-2541C2925D3D}"
EndProject
Project("{2150E333-8FDC-42A3-9474-1A3956D46DE8}") = "UI", "UI", "{EBCC5D72-8383-4781-8E4C-AE3240287E7C}"
EndProject
Project("{2150E333-8FDC-42A3-9474-1A3956D46DE8}") = "Domain", "Domain", "{5B6FD25A-9A85-4214-9D22-5E9CBBB02A7E}"
EndProject
Project("{9A19103F-16F7-4668-BE54-9A1E7A4F7556}") = "FBS.Infrastructure.EventStore", "src\Infrastructure\FBS.Infrastructure.EventStore\FBS.Infrastructure.EventStore.csproj", "{D0E6EB36-591D-44A2-A17A-3F46736845A3}"
EndProject
Project("{9A19103F-16F7-4668-BE54-9A1E7A4F7556}") = "FBS.Infrastructure.Test", "src\Infrastructure\FBS.Infrastructure.Test\FBS.Infrastructure.Test.csproj", "{8C48D994-9CC3-4F17-BF6C-548F6C05FB03}"
EndProject
Project("{9A19103F-16F7-4668-BE54-9A1E7A4F7556}") = "FBS.Booking.Read.API", "src\Application\FBS.Booking.Read.API\FBS.Booking.Read.API.csproj", "{5CDE7B67-9F17-4DF9-84CA-110353E7EBB3}"
EndProject
Project("{9A19103F-16F7-4668-BE54-9A1E7A4F7556}") = "FBS.Booking.Write.API", "src\Application\FBS.Booking.Write.API\FBS.Booking.Write.API.csproj", "{DB50B846-4B4A-4C75-B1AB-D3F2A8E1CFA6}"
EndProject
Project("{9A19103F-16F7-4668-BE54-9A1E7A4F7556}") = "FBS.Domain.Booking", "src\Domain\FBS.Domain.Booking\FBS.Domain.Booking.csproj", "{37FA0C8E-C02F-4EE8-9454-1374CB531CCA}"
EndProject
Project("{9A19103F-16F7-4668-BE54-9A1E7A4F7556}") = "FBS.Domain.Core", "src\Domain\FBS.Domain.Core\FBS.Domain.Core.csproj", "{DA5FAAB8-E442-4F6B-A8D5-A4D4AB11B263}"
EndProject
Project("{E53339B2-1760-4266-BCC7-CA923CBCF16C}") = "docker-compose", "docker-compose.dcproj", "{E5F5485A-3B60-43F1-A0D7-3EE743CA2FB1}"
EndProject
Project("{9A19103F-16F7-4668-BE54-9A1E7A4F7556}") = "FBS.FlightControl.API", "src\Application\FBS.FlightControl.API\FBS.FlightControl.API.csproj", "{42B5EF09-6353-44AA-A302-827A034E4498}"
EndProject
Project("{9A19103F-16F7-4668-BE54-9A1E7A4F7556}") = "FBS.Domain.FlightControl", "src\Domain\FBS.Domain.FlightControl\FBS.Domain.FlightControl.csproj", "{66334309-3F5C-4053-AF20-C598C051B897}"
EndProject
Project("{9A19103F-16F7-4668-BE54-9A1E7A4F7556}") = "FBS.Customer.API", "src\Application\FBS.Customer.API\FBS.Customer.API.csproj", "{7B78943B-C11F-4BA2-9E3A-35EC55B342DC}"
EndProject
Project("{9A19103F-16F7-4668-BE54-9A1E7A4F7556}") = "FBS.Domain.Customer", "src\Domain\FBS.Domain.Customer\FBS.Domain.Customer.csproj", "{BF929CEC-2B8F-4A9C-908F-E7FBACEB7F45}"
EndProject
Project("{9A19103F-16F7-4668-BE54-9A1E7A4F7556}") = "FBS.WebApplication", "src\Ui\FBS.WebApplication\FBS.WebApplication.csproj", "{2E88630A-1C9C-45F0-A414-C6CF4EB8EE56}"
EndProject
Project("{9A19103F-16F7-4668-BE54-9A1E7A4F7556}") = "FBS.Infrastructure.AspNet", "src\Infrastructure\FBS.Infrastructure.AspNet\FBS.Infrastructure.AspNet.csproj", "{BE247335-98A5-4EF1-980F-379B8D977022}"
EndProject
Project("{9A19103F-16F7-4668-BE54-9A1E7A4F7556}") = "FBS.Domain.Authorization", "src\Domain\FBS.Domain.Authorization\FBS.Domain.Authorization.csproj", "{5CA84A93-8CDA-4496-8272-78E842547E96}"
EndProject
Project("{9A19103F-16F7-4668-BE54-9A1E7A4F7556}") = "FBS.Authorization.API", "src\Application\FBS.Authorization.API\FBS.Authorization.API.csproj", "{B9381727-B4C3-4005-8293-94E1E711DB0E}"
EndProject
Global
	GlobalSection(SolutionConfigurationPlatforms) = preSolution
		Debug|Any CPU = Debug|Any CPU
		Release|Any CPU = Release|Any CPU
	EndGlobalSection
	GlobalSection(ProjectConfigurationPlatforms) = postSolution
		{D0E6EB36-591D-44A2-A17A-3F46736845A3}.Debug|Any CPU.ActiveCfg = Debug|Any CPU
		{D0E6EB36-591D-44A2-A17A-3F46736845A3}.Debug|Any CPU.Build.0 = Debug|Any CPU
		{D0E6EB36-591D-44A2-A17A-3F46736845A3}.Release|Any CPU.ActiveCfg = Release|Any CPU
		{D0E6EB36-591D-44A2-A17A-3F46736845A3}.Release|Any CPU.Build.0 = Release|Any CPU
		{8C48D994-9CC3-4F17-BF6C-548F6C05FB03}.Debug|Any CPU.ActiveCfg = Debug|Any CPU
		{8C48D994-9CC3-4F17-BF6C-548F6C05FB03}.Debug|Any CPU.Build.0 = Debug|Any CPU
		{8C48D994-9CC3-4F17-BF6C-548F6C05FB03}.Release|Any CPU.ActiveCfg = Release|Any CPU
		{8C48D994-9CC3-4F17-BF6C-548F6C05FB03}.Release|Any CPU.Build.0 = Release|Any CPU
		{5CDE7B67-9F17-4DF9-84CA-110353E7EBB3}.Debug|Any CPU.ActiveCfg = Debug|Any CPU
		{5CDE7B67-9F17-4DF9-84CA-110353E7EBB3}.Debug|Any CPU.Build.0 = Debug|Any CPU
		{5CDE7B67-9F17-4DF9-84CA-110353E7EBB3}.Release|Any CPU.ActiveCfg = Release|Any CPU
		{5CDE7B67-9F17-4DF9-84CA-110353E7EBB3}.Release|Any CPU.Build.0 = Release|Any CPU
		{DB50B846-4B4A-4C75-B1AB-D3F2A8E1CFA6}.Debug|Any CPU.ActiveCfg = Debug|Any CPU
		{DB50B846-4B4A-4C75-B1AB-D3F2A8E1CFA6}.Debug|Any CPU.Build.0 = Debug|Any CPU
		{DB50B846-4B4A-4C75-B1AB-D3F2A8E1CFA6}.Release|Any CPU.ActiveCfg = Release|Any CPU
		{DB50B846-4B4A-4C75-B1AB-D3F2A8E1CFA6}.Release|Any CPU.Build.0 = Release|Any CPU
		{37FA0C8E-C02F-4EE8-9454-1374CB531CCA}.Debug|Any CPU.ActiveCfg = Debug|Any CPU
		{37FA0C8E-C02F-4EE8-9454-1374CB531CCA}.Debug|Any CPU.Build.0 = Debug|Any CPU
		{37FA0C8E-C02F-4EE8-9454-1374CB531CCA}.Release|Any CPU.ActiveCfg = Release|Any CPU
		{37FA0C8E-C02F-4EE8-9454-1374CB531CCA}.Release|Any CPU.Build.0 = Release|Any CPU
		{DA5FAAB8-E442-4F6B-A8D5-A4D4AB11B263}.Debug|Any CPU.ActiveCfg = Debug|Any CPU
		{DA5FAAB8-E442-4F6B-A8D5-A4D4AB11B263}.Debug|Any CPU.Build.0 = Debug|Any CPU
		{DA5FAAB8-E442-4F6B-A8D5-A4D4AB11B263}.Release|Any CPU.ActiveCfg = Release|Any CPU
		{DA5FAAB8-E442-4F6B-A8D5-A4D4AB11B263}.Release|Any CPU.Build.0 = Release|Any CPU
		{E5F5485A-3B60-43F1-A0D7-3EE743CA2FB1}.Debug|Any CPU.ActiveCfg = Debug|Any CPU
		{E5F5485A-3B60-43F1-A0D7-3EE743CA2FB1}.Debug|Any CPU.Build.0 = Debug|Any CPU
		{E5F5485A-3B60-43F1-A0D7-3EE743CA2FB1}.Release|Any CPU.ActiveCfg = Release|Any CPU
		{E5F5485A-3B60-43F1-A0D7-3EE743CA2FB1}.Release|Any CPU.Build.0 = Release|Any CPU
		{42B5EF09-6353-44AA-A302-827A034E4498}.Debug|Any CPU.ActiveCfg = Debug|Any CPU
		{42B5EF09-6353-44AA-A302-827A034E4498}.Debug|Any CPU.Build.0 = Debug|Any CPU
		{42B5EF09-6353-44AA-A302-827A034E4498}.Release|Any CPU.ActiveCfg = Release|Any CPU
		{42B5EF09-6353-44AA-A302-827A034E4498}.Release|Any CPU.Build.0 = Release|Any CPU
		{66334309-3F5C-4053-AF20-C598C051B897}.Debug|Any CPU.ActiveCfg = Debug|Any CPU
		{66334309-3F5C-4053-AF20-C598C051B897}.Debug|Any CPU.Build.0 = Debug|Any CPU
		{66334309-3F5C-4053-AF20-C598C051B897}.Release|Any CPU.ActiveCfg = Release|Any CPU
		{66334309-3F5C-4053-AF20-C598C051B897}.Release|Any CPU.Build.0 = Release|Any CPU
		{7B78943B-C11F-4BA2-9E3A-35EC55B342DC}.Debug|Any CPU.ActiveCfg = Debug|Any CPU
		{7B78943B-C11F-4BA2-9E3A-35EC55B342DC}.Debug|Any CPU.Build.0 = Debug|Any CPU
		{7B78943B-C11F-4BA2-9E3A-35EC55B342DC}.Release|Any CPU.ActiveCfg = Release|Any CPU
		{7B78943B-C11F-4BA2-9E3A-35EC55B342DC}.Release|Any CPU.Build.0 = Release|Any CPU
		{BF929CEC-2B8F-4A9C-908F-E7FBACEB7F45}.Debug|Any CPU.ActiveCfg = Debug|Any CPU
		{BF929CEC-2B8F-4A9C-908F-E7FBACEB7F45}.Debug|Any CPU.Build.0 = Debug|Any CPU
		{BF929CEC-2B8F-4A9C-908F-E7FBACEB7F45}.Release|Any CPU.ActiveCfg = Release|Any CPU
		{BF929CEC-2B8F-4A9C-908F-E7FBACEB7F45}.Release|Any CPU.Build.0 = Release|Any CPU
		{2E88630A-1C9C-45F0-A414-C6CF4EB8EE56}.Debug|Any CPU.ActiveCfg = Debug|Any CPU
		{2E88630A-1C9C-45F0-A414-C6CF4EB8EE56}.Debug|Any CPU.Build.0 = Debug|Any CPU
		{2E88630A-1C9C-45F0-A414-C6CF4EB8EE56}.Release|Any CPU.ActiveCfg = Release|Any CPU
		{2E88630A-1C9C-45F0-A414-C6CF4EB8EE56}.Release|Any CPU.Build.0 = Release|Any CPU
		{BE247335-98A5-4EF1-980F-379B8D977022}.Debug|Any CPU.ActiveCfg = Debug|Any CPU
		{BE247335-98A5-4EF1-980F-379B8D977022}.Debug|Any CPU.Build.0 = Debug|Any CPU
		{BE247335-98A5-4EF1-980F-379B8D977022}.Release|Any CPU.ActiveCfg = Release|Any CPU
		{BE247335-98A5-4EF1-980F-379B8D977022}.Release|Any CPU.Build.0 = Release|Any CPU
		{5CA84A93-8CDA-4496-8272-78E842547E96}.Debug|Any CPU.ActiveCfg = Debug|Any CPU
		{5CA84A93-8CDA-4496-8272-78E842547E96}.Debug|Any CPU.Build.0 = Debug|Any CPU
		{5CA84A93-8CDA-4496-8272-78E842547E96}.Release|Any CPU.ActiveCfg = Release|Any CPU
		{5CA84A93-8CDA-4496-8272-78E842547E96}.Release|Any CPU.Build.0 = Release|Any CPU
		{B9381727-B4C3-4005-8293-94E1E711DB0E}.Debug|Any CPU.ActiveCfg = Debug|Any CPU
		{B9381727-B4C3-4005-8293-94E1E711DB0E}.Debug|Any CPU.Build.0 = Debug|Any CPU
		{B9381727-B4C3-4005-8293-94E1E711DB0E}.Release|Any CPU.ActiveCfg = Release|Any CPU
		{B9381727-B4C3-4005-8293-94E1E711DB0E}.Release|Any CPU.Build.0 = Release|Any CPU
	EndGlobalSection
	GlobalSection(SolutionProperties) = preSolution
		HideSolutionNode = FALSE
	EndGlobalSection
	GlobalSection(NestedProjects) = preSolution
		{D0E6EB36-591D-44A2-A17A-3F46736845A3} = {EB14576A-555F-48E0-830D-2541C2925D3D}
		{8C48D994-9CC3-4F17-BF6C-548F6C05FB03} = {EB14576A-555F-48E0-830D-2541C2925D3D}
		{5CDE7B67-9F17-4DF9-84CA-110353E7EBB3} = {EE9D84C4-236B-487F-B927-3BE50AB5AB79}
		{DB50B846-4B4A-4C75-B1AB-D3F2A8E1CFA6} = {EE9D84C4-236B-487F-B927-3BE50AB5AB79}
		{37FA0C8E-C02F-4EE8-9454-1374CB531CCA} = {5B6FD25A-9A85-4214-9D22-5E9CBBB02A7E}
		{DA5FAAB8-E442-4F6B-A8D5-A4D4AB11B263} = {5B6FD25A-9A85-4214-9D22-5E9CBBB02A7E}
		{42B5EF09-6353-44AA-A302-827A034E4498} = {EE9D84C4-236B-487F-B927-3BE50AB5AB79}
		{66334309-3F5C-4053-AF20-C598C051B897} = {5B6FD25A-9A85-4214-9D22-5E9CBBB02A7E}
		{7B78943B-C11F-4BA2-9E3A-35EC55B342DC} = {EE9D84C4-236B-487F-B927-3BE50AB5AB79}
		{BF929CEC-2B8F-4A9C-908F-E7FBACEB7F45} = {5B6FD25A-9A85-4214-9D22-5E9CBBB02A7E}
		{2E88630A-1C9C-45F0-A414-C6CF4EB8EE56} = {EBCC5D72-8383-4781-8E4C-AE3240287E7C}
		{BE247335-98A5-4EF1-980F-379B8D977022} = {EB14576A-555F-48E0-830D-2541C2925D3D}
		{5CA84A93-8CDA-4496-8272-78E842547E96} = {5B6FD25A-9A85-4214-9D22-5E9CBBB02A7E}
		{B9381727-B4C3-4005-8293-94E1E711DB0E} = {EE9D84C4-236B-487F-B927-3BE50AB5AB79}
	EndGlobalSection
	GlobalSection(ExtensibilityGlobals) = postSolution
		SolutionGuid = {1E1B9950-8C19-44B7-85C7-3B076EBB8704}
	EndGlobalSection
EndGlobal
